{
  "nodes": {
    "nixpkgs": {
      "locked": {
        "lastModified": 1720823163,
        "narHash": "sha256-FZ5dnrvKkln9ESdoTR8R7GKW9rNpXNZrxGsOXsbsTpE=",
        "rev": "f12ee5f64c6a09995e71c9626d88c4efa983b488",
        "revCount": 632931,
        "type": "tarball",
        "url": "https://api.flakehub.com/f/pinned/NixOS/nixpkgs/0.2405.632931%2Brev-f12ee5f64c6a09995e71c9626d88c4efa983b488/0190afd7-6008-74ee-a4f6-a75a0a8f29b3/source.tar.gz"
      },
      "original": {
        "type": "tarball",
        "url": "https://flakehub.com/f/NixOS/nixpkgs/0.2405.632874.tar.gz"
      }
    },
    "root": {
      "inputs": {
        "nixpkgs": "nixpkgs"
      }
    }
  },
  "root": "root",
  "version": 7
}
